
Microsoft Visual Studio Solution File, Format Version 12.00
# Visual Studio Version 16
VisualStudioVersion = 16.0.32802.440
MinimumVisualStudioVersion = 10.0.40219.1
Project("{F184B08F-C81C-45F6-A57F-5ABD9991F28F}") = "Prueba02_14septiembre", "Prueba02_14septiembre.vbproj", "{B9ACBE01-4C6F-4E9E-BDF9-84E7FB67C31B}"
EndProject
Global
	GlobalSection(SolutionConfigurationPlatforms) = preSolution
		Debug|Any CPU = Debug|Any CPU
		Release|Any CPU = Release|Any CPU
	EndGlobalSection
	GlobalSection(ProjectConfigurationPlatforms) = postSolution
		{B9ACBE01-4C6F-4E9E-BDF9-84E7FB67C31B}.Debug|Any CPU.ActiveCfg = Debug|Any CPU
		{B9ACBE01-4C6F-4E9E-BDF9-84E7FB67C31B}.Debug|Any CPU.Build.0 = Debug|Any CPU
		{B9ACBE01-4C6F-4E9E-BDF9-84E7FB67C31B}.Release|Any CPU.ActiveCfg = Release|Any CPU
		{B9ACBE01-4C6F-4E9E-BDF9-84E7FB67C31B}.Release|Any CPU.Build.0 = Release|Any CPU
	EndGlobalSection
	GlobalSection(SolutionProperties) = preSolution
		HideSolutionNode = FALSE
	EndGlobalSection
	GlobalSection(ExtensibilityGlobals) = postSolution
		SolutionGuid = {EDE18C01-4971-4BCE-A854-FEFCC547B70B}
	EndGlobalSection
EndGlobal
