
Microsoft Visual Studio Solution File, Format Version 12.00
# Visual Studio Version 16
VisualStudioVersion = 16.0.32802.440
MinimumVisualStudioVersion = 10.0.40219.1
Project("{F184B08F-C81C-45F6-A57F-5ABD9991F28F}") = "Prueba_28septiembre", "Prueba_28septiembre.vbproj", "{57B9EE2F-1ECD-4935-BB0B-963ECE0EEDF0}"
EndProject
Global
	GlobalSection(SolutionConfigurationPlatforms) = preSolution
		Debug|Any CPU = Debug|Any CPU
		Release|Any CPU = Release|Any CPU
	EndGlobalSection
	GlobalSection(ProjectConfigurationPlatforms) = postSolution
		{57B9EE2F-1ECD-4935-BB0B-963ECE0EEDF0}.Debug|Any CPU.ActiveCfg = Debug|Any CPU
		{57B9EE2F-1ECD-4935-BB0B-963ECE0EEDF0}.Debug|Any CPU.Build.0 = Debug|Any CPU
		{57B9EE2F-1ECD-4935-BB0B-963ECE0EEDF0}.Release|Any CPU.ActiveCfg = Release|Any CPU
		{57B9EE2F-1ECD-4935-BB0B-963ECE0EEDF0}.Release|Any CPU.Build.0 = Release|Any CPU
	EndGlobalSection
	GlobalSection(SolutionProperties) = preSolution
		HideSolutionNode = FALSE
	EndGlobalSection
	GlobalSection(ExtensibilityGlobals) = postSolution
		SolutionGuid = {6AC0EA26-926B-4952-8CAB-7A57CB19E94E}
	EndGlobalSection
EndGlobal
